
Microsoft Visual Studio Solution File, Format Version 12.00
# Visual Studio Version 17
VisualStudioVersion = 17.14.36623.8 d17.14
MinimumVisualStudioVersion = 10.0.40219.1
Project("{FAE04EC0-301F-11D3-BF4B-00C04F79EFBC}") = "WpfApp_DataBinding_EF", "WpfApp_DataBinding_EF.csproj", "{84D96BA1-6C13-457A-BD09-7ACA1AC8E7E4}"
EndProject
Global
	GlobalSection(SolutionConfigurationPlatforms) = preSolution
		Debug|Any CPU = Debug|Any CPU
		Release|Any CPU = Release|Any CPU
	EndGlobalSection
	GlobalSection(ProjectConfigurationPlatforms) = postSolution
		{84D96BA1-6C13-457A-BD09-7ACA1AC8E7E4}.Debug|Any CPU.ActiveCfg = Debug|Any CPU
		{84D96BA1-6C13-457A-BD09-7ACA1AC8E7E4}.Debug|Any CPU.Build.0 = Debug|Any CPU
		{84D96BA1-6C13-457A-BD09-7ACA1AC8E7E4}.Release|Any CPU.ActiveCfg = Release|Any CPU
		{84D96BA1-6C13-457A-BD09-7ACA1AC8E7E4}.Release|Any CPU.Build.0 = Release|Any CPU
	EndGlobalSection
	GlobalSection(SolutionProperties) = preSolution
		HideSolutionNode = FALSE
	EndGlobalSection
	GlobalSection(ExtensibilityGlobals) = postSolution
		SolutionGuid = {024FBBD3-144A-4D3A-A748-132E1AC26F7A}
	EndGlobalSection
EndGlobal
